
Microsoft Visual Studio Solution File, Format Version 12.00
# Visual Studio Version 17
VisualStudioVersion = 17.6.33801.468
MinimumVisualStudioVersion = 10.0.40219.1
Project("{FAE04EC0-301F-11D3-BF4B-00C04F79EFBC}") = "Practice", "Practice\Practice.csproj", "{3C7EE0A9-610D-4F04-BDDB-C83A83FE3B11}"
EndProject
Global
	GlobalSection(SolutionConfigurationPlatforms) = preSolution
		Debug|Any CPU = Debug|Any CPU
		Release|Any CPU = Release|Any CPU
	EndGlobalSection
	GlobalSection(ProjectConfigurationPlatforms) = postSolution
		{3C7EE0A9-610D-4F04-BDDB-C83A83FE3B11}.Debug|Any CPU.ActiveCfg = Debug|Any CPU
		{3C7EE0A9-610D-4F04-BDDB-C83A83FE3B11}.Debug|Any CPU.Build.0 = Debug|Any CPU
		{3C7EE0A9-610D-4F04-BDDB-C83A83FE3B11}.Release|Any CPU.ActiveCfg = Release|Any CPU
		{3C7EE0A9-610D-4F04-BDDB-C83A83FE3B11}.Release|Any CPU.Build.0 = Release|Any CPU
	EndGlobalSection
	GlobalSection(SolutionProperties) = preSolution
		HideSolutionNode = FALSE
	EndGlobalSection
	GlobalSection(ExtensibilityGlobals) = postSolution
		SolutionGuid = {671F95D0-B71F-4FA5-9228-3F857A0B6765}
	EndGlobalSection
EndGlobal
